
Microsoft Visual Studio Solution File, Format Version 12.00
# Visual Studio Version 16
VisualStudioVersion = 16.0.30907.101
MinimumVisualStudioVersion = 10.0.40219.1
Project("{9A19103F-16F7-4668-BE54-9A1E7A4F7556}") = "TouristSpot", "TouristSpot\TouristSpot.csproj", "{1993C0CE-8E62-4246-B5D5-3AB35BBD2B5E}"
EndProject
Project("{9A19103F-16F7-4668-BE54-9A1E7A4F7556}") = "Models", "Models\Models.csproj", "{6A563E3B-DF42-48D5-BBBD-BCAB7BBDDFF3}"
EndProject
Project("{9A19103F-16F7-4668-BE54-9A1E7A4F7556}") = "Data", "Data\Data.csproj", "{405D4100-7C0E-4751-8EEB-007924CE3E3F}"
EndProject
Project("{FAE04EC0-301F-11D3-BF4B-00C04F79EFBC}") = "BLL", "BLL\BLL.csproj", "{576B4B27-D097-4F97-8D02-E0828B0654FF}"
EndProject
Project("{FAE04EC0-301F-11D3-BF4B-00C04F79EFBC}") = "Repositories", "Repositories\Repositories.csproj", "{449D5E3C-1CFF-4524-BFD9-19793F3E9A73}"
EndProject
Global
	GlobalSection(SolutionConfigurationPlatforms) = preSolution
		Debug|Any CPU = Debug|Any CPU
		Release|Any CPU = Release|Any CPU
	EndGlobalSection
	GlobalSection(ProjectConfigurationPlatforms) = postSolution
		{1993C0CE-8E62-4246-B5D5-3AB35BBD2B5E}.Debug|Any CPU.ActiveCfg = Debug|Any CPU
		{1993C0CE-8E62-4246-B5D5-3AB35BBD2B5E}.Debug|Any CPU.Build.0 = Debug|Any CPU
		{1993C0CE-8E62-4246-B5D5-3AB35BBD2B5E}.Release|Any CPU.ActiveCfg = Release|Any CPU
		{1993C0CE-8E62-4246-B5D5-3AB35BBD2B5E}.Release|Any CPU.Build.0 = Release|Any CPU
		{6A563E3B-DF42-48D5-BBBD-BCAB7BBDDFF3}.Debug|Any CPU.ActiveCfg = Debug|Any CPU
		{6A563E3B-DF42-48D5-BBBD-BCAB7BBDDFF3}.Debug|Any CPU.Build.0 = Debug|Any CPU
		{6A563E3B-DF42-48D5-BBBD-BCAB7BBDDFF3}.Release|Any CPU.ActiveCfg = Release|Any CPU
		{6A563E3B-DF42-48D5-BBBD-BCAB7BBDDFF3}.Release|Any CPU.Build.0 = Release|Any CPU
		{405D4100-7C0E-4751-8EEB-007924CE3E3F}.Debug|Any CPU.ActiveCfg = Debug|Any CPU
		{405D4100-7C0E-4751-8EEB-007924CE3E3F}.Debug|Any CPU.Build.0 = Debug|Any CPU
		{405D4100-7C0E-4751-8EEB-007924CE3E3F}.Release|Any CPU.ActiveCfg = Release|Any CPU
		{405D4100-7C0E-4751-8EEB-007924CE3E3F}.Release|Any CPU.Build.0 = Release|Any CPU
		{576B4B27-D097-4F97-8D02-E0828B0654FF}.Debug|Any CPU.ActiveCfg = Debug|Any CPU
		{576B4B27-D097-4F97-8D02-E0828B0654FF}.Debug|Any CPU.Build.0 = Debug|Any CPU
		{576B4B27-D097-4F97-8D02-E0828B0654FF}.Release|Any CPU.ActiveCfg = Release|Any CPU
		{576B4B27-D097-4F97-8D02-E0828B0654FF}.Release|Any CPU.Build.0 = Release|Any CPU
		{449D5E3C-1CFF-4524-BFD9-19793F3E9A73}.Debug|Any CPU.ActiveCfg = Debug|Any CPU
		{449D5E3C-1CFF-4524-BFD9-19793F3E9A73}.Debug|Any CPU.Build.0 = Debug|Any CPU
		{449D5E3C-1CFF-4524-BFD9-19793F3E9A73}.Release|Any CPU.ActiveCfg = Release|Any CPU
		{449D5E3C-1CFF-4524-BFD9-19793F3E9A73}.Release|Any CPU.Build.0 = Release|Any CPU
	EndGlobalSection
	GlobalSection(SolutionProperties) = preSolution
		HideSolutionNode = FALSE
	EndGlobalSection
	GlobalSection(ExtensibilityGlobals) = postSolution
		SolutionGuid = {965C9A1D-0213-46C3-8E8A-D1682F6F5804}
	EndGlobalSection
EndGlobal
